
Microsoft Visual Studio Solution File, Format Version 12.00
# Visual Studio Version 17
VisualStudioVersion = 17.6.33815.320
MinimumVisualStudioVersion = 10.0.40219.1
Project("{FAE04EC0-301F-11D3-BF4B-00C04F79EFBC}") = "GeometricProceduresInTwoDimensionsV1", "GeometricProceduresInTwoDimensionsV1.csproj", "{03FDA271-BD0F-486D-A6E6-B45F5FFB000C}"
EndProject
Global
	GlobalSection(SolutionConfigurationPlatforms) = preSolution
		Debug|Any CPU = Debug|Any CPU
		Release|Any CPU = Release|Any CPU
	EndGlobalSection
	GlobalSection(ProjectConfigurationPlatforms) = postSolution
		{03FDA271-BD0F-486D-A6E6-B45F5FFB000C}.Debug|Any CPU.ActiveCfg = Debug|Any CPU
		{03FDA271-BD0F-486D-A6E6-B45F5FFB000C}.Debug|Any CPU.Build.0 = Debug|Any CPU
		{03FDA271-BD0F-486D-A6E6-B45F5FFB000C}.Release|Any CPU.ActiveCfg = Release|Any CPU
		{03FDA271-BD0F-486D-A6E6-B45F5FFB000C}.Release|Any CPU.Build.0 = Release|Any CPU
	EndGlobalSection
	GlobalSection(SolutionProperties) = preSolution
		HideSolutionNode = FALSE
	EndGlobalSection
	GlobalSection(ExtensibilityGlobals) = postSolution
		SolutionGuid = {5A053404-70D7-4CF9-A4E3-C0E1610642BB}
	EndGlobalSection
EndGlobal
